
Microsoft Visual Studio Solution File, Format Version 12.00
# Visual Studio 15
VisualStudioVersion = 15.0.27428.2005
MinimumVisualStudioVersion = 10.0.40219.1
Project("{FAE04EC0-301F-11D3-BF4B-00C04F79EFBC}") = "MachineInformationApp", "MachineInformationApp\MachineInformationApp.csproj", "{1AE1435D-CE08-4CC1-874E-8D4466FB5590}"
EndProject
Project("{FAE04EC0-301F-11D3-BF4B-00C04F79EFBC}") = "MachineinformationApp.Tests", "MachineinformationApp.Tests\MachineinformationApp.Tests.csproj", "{3ECA2210-D17D-4AD8-B3EB-6877E9FE3DD7}"
EndProject
Project("{FAE04EC0-301F-11D3-BF4B-00C04F79EFBC}") = "MachineInformationConsole", "MachineInformationConsole\MachineInformationConsole.csproj", "{C2CCAB56-6CB9-4DAC-9E89-464C37EBD2DB}"
EndProject
Global
	GlobalSection(SolutionConfigurationPlatforms) = preSolution
		Debug|Any CPU = Debug|Any CPU
		Release|Any CPU = Release|Any CPU
	EndGlobalSection
	GlobalSection(ProjectConfigurationPlatforms) = postSolution
		{1AE1435D-CE08-4CC1-874E-8D4466FB5590}.Debug|Any CPU.ActiveCfg = Debug|Any CPU
		{1AE1435D-CE08-4CC1-874E-8D4466FB5590}.Debug|Any CPU.Build.0 = Debug|Any CPU
		{1AE1435D-CE08-4CC1-874E-8D4466FB5590}.Release|Any CPU.ActiveCfg = Release|Any CPU
		{1AE1435D-CE08-4CC1-874E-8D4466FB5590}.Release|Any CPU.Build.0 = Release|Any CPU
		{3ECA2210-D17D-4AD8-B3EB-6877E9FE3DD7}.Debug|Any CPU.ActiveCfg = Debug|Any CPU
		{3ECA2210-D17D-4AD8-B3EB-6877E9FE3DD7}.Debug|Any CPU.Build.0 = Debug|Any CPU
		{3ECA2210-D17D-4AD8-B3EB-6877E9FE3DD7}.Release|Any CPU.ActiveCfg = Release|Any CPU
		{3ECA2210-D17D-4AD8-B3EB-6877E9FE3DD7}.Release|Any CPU.Build.0 = Release|Any CPU
		{C2CCAB56-6CB9-4DAC-9E89-464C37EBD2DB}.Debug|Any CPU.ActiveCfg = Debug|Any CPU
		{C2CCAB56-6CB9-4DAC-9E89-464C37EBD2DB}.Debug|Any CPU.Build.0 = Debug|Any CPU
		{C2CCAB56-6CB9-4DAC-9E89-464C37EBD2DB}.Release|Any CPU.ActiveCfg = Release|Any CPU
		{C2CCAB56-6CB9-4DAC-9E89-464C37EBD2DB}.Release|Any CPU.Build.0 = Release|Any CPU
	EndGlobalSection
	GlobalSection(SolutionProperties) = preSolution
		HideSolutionNode = FALSE
	EndGlobalSection
	GlobalSection(ExtensibilityGlobals) = postSolution
		SolutionGuid = {76028081-CD33-4C52-AD87-04EF5EA997E5}
	EndGlobalSection
EndGlobal
